// !$*UTF8*$!
{
	archiveVersion = 1;
	classes = {
	};
	objectVersion = 56;
	objects = {

/* Begin PBXBuildFile section */
		010000000000000000000001 /* ODApp.swift in Sources */ = {isa = PBXBuildFile; fileRef = 020000000000000000000001 /* ODApp.swift */; };
		010000000000000000000002 /* ContentView.swift in Sources */ = {isa = PBXBuildFile; fileRef = 020000000000000000000002 /* ContentView.swift */; };
		010000000000000000000003 /* BLEManager.swift in Sources */ = {isa = PBXBuildFile; fileRef = 020000000000000000000003 /* BLEManager.swift */; };
		010000000000000000000004 /* ODConstants.swift in Sources */ = {isa = PBXBuildFile; fileRef = 020000000000000000000004 /* ODConstants.swift */; };
		010000000000000000000005 /* ODDevice.swift in Sources */ = {isa = PBXBuildFile; fileRef = 020000000000000000000005 /* ODDevice.swift */; };
		010000000000000000000006 /* ODCommands.swift in Sources */ = {isa = PBXBuildFile; fileRef = 020000000000000000000006 /* ODCommands.swift */; };
		010000000000000000000007 /* ODAuth.swift in Sources */ = {isa = PBXBuildFile; fileRef = 020000000000000000000007 /* ODAuth.swift */; };
		010000000000000000000008 /* ODConfig.swift in Sources */ = {isa = PBXBuildFile; fileRef = 020000000000000000000008 /* ODConfig.swift */; };
		01000000000000000000000C /* BLETesterView.swift in Sources */ = {isa = PBXBuildFile; fileRef = 02000000000000000000000C /* BLETesterView.swift */; };
		01000000000000000000000D /* DeviceRowView.swift in Sources */ = {isa = PBXBuildFile; fileRef = 02000000000000000000000D /* DeviceRowView.swift */; };
		01000000000000000000000E /* ConfigModel.swift in Sources */ = {isa = PBXBuildFile; fileRef = 02000000000000000000000E /* ConfigModel.swift */; };
		010000000000000000000010 /* CoreBluetooth.framework in Frameworks */ = {isa = PBXBuildFile; fileRef = 020000000000000000000010 /* CoreBluetooth.framework */; };
		010000000000000000000011 /* Security.framework in Frameworks */ = {isa = PBXBuildFile; fileRef = 020000000000000000000011 /* Security.framework */; };
		010000000000000000000021 /* ImageProcessor.swift in Sources */ = {isa = PBXBuildFile; fileRef = 020000000000000000000021 /* ImageProcessor.swift */; };
		010000000000000000000022 /* ToolboxView.swift in Sources */ = {isa = PBXBuildFile; fileRef = 020000000000000000000022 /* ToolboxView.swift */; };
		010000000000000000000024 /* ODLogoView.swift in Sources */ = {isa = PBXBuildFile; fileRef = 020000000000000000000024 /* ODLogoView.swift */; };
		010000000000000000000025 /* ToolboxData.swift in Sources */ = {isa = PBXBuildFile; fileRef = 020000000000000000000025 /* ToolboxData.swift */; };
		010000000000000000000026 /* AdvertisementData.swift in Sources */ = {isa = PBXBuildFile; fileRef = 020000000000000000000026 /* AdvertisementData.swift */; };
		010000000000000000000030 /* Assets.xcassets in Resources */ = {isa = PBXBuildFile; fileRef = 020000000000000000000030 /* Assets.xcassets */; };
		010000000000000000000031 /* simple-config-presets.json in Resources */ = {isa = PBXBuildFile; fileRef = 020000000000000000000031 /* simple-config-presets.json */; };
		010000000000000000000040 /* DisplayDevice.swift in Sources */ = {isa = PBXBuildFile; fileRef = 020000000000000000000040 /* DisplayDevice.swift */; };
		010000000000000000000041 /* DisplayCanvasView.swift in Sources */ = {isa = PBXBuildFile; fileRef = 020000000000000000000041 /* DisplayCanvasView.swift */; };
		010000000000000000000042 /* ComposerView.swift in Sources */ = {isa = PBXBuildFile; fileRef = 020000000000000000000042 /* ComposerView.swift */; };
		010000000000000000000044 /* AdvancedView.swift in Sources */ = {isa = PBXBuildFile; fileRef = 020000000000000000000044 /* AdvancedView.swift */; };
		010000000000000000000045 /* CoreBluetoothTransport.swift in Sources */ = {isa = PBXBuildFile; fileRef = 020000000000000000000045 /* CoreBluetoothTransport.swift */; };
		010000000000000000000046 /* OpenDisplayJSRuntime.swift in Sources */ = {isa = PBXBuildFile; fileRef = 020000000000000000000046 /* OpenDisplayJSRuntime.swift */; };
		010000000000000000000047 /* JavaScriptCore.framework in Frameworks */ = {isa = PBXBuildFile; fileRef = 020000000000000000000047 /* JavaScriptCore.framework */; };
		010000000000000000000048 /* ble-common.js in Resources */ = {isa = PBXBuildFile; fileRef = 020000000000000000000048 /* ble-common.js */; };
		010000000000000000000049 /* ble-native-bridge.js in Resources */ = {isa = PBXBuildFile; fileRef = 020000000000000000000049 /* ble-native-bridge.js */; };
		01000000000000000000004A /* ble-app-adapter.js in Resources */ = {isa = PBXBuildFile; fileRef = 02000000000000000000004A /* ble-app-adapter.js */; };
		01000000000000000000004B /* js-yaml.min.js in Resources */ = {isa = PBXBuildFile; fileRef = 02000000000000000000004B /* js-yaml.min.js */; };
		01000000000000000000004C /* pako.js in Resources */ = {isa = PBXBuildFile; fileRef = 02000000000000000000004C /* pako.js */; };
		01000000000000000000004D /* config.yaml in Resources */ = {isa = PBXBuildFile; fileRef = 02000000000000000000004D /* config.yaml */; };
		01000000000000000000004E /* ToolboxConfigRuntime.swift in Sources */ = {isa = PBXBuildFile; fileRef = 02000000000000000000004E /* ToolboxConfigRuntime.swift */; };
		01000000000000000000004F /* toolbox-config-engine.js in Resources */ = {isa = PBXBuildFile; fileRef = 02000000000000000000004F /* toolbox-config-engine.js */; };
		010000000000000000000050 /* ToolboxConfigTests.swift in Sources */ = {isa = PBXBuildFile; fileRef = 020000000000000000000050 /* ToolboxConfigTests.swift */; };
		010000000000000000000051 /* XCTest.framework in Frameworks */ = {isa = PBXBuildFile; fileRef = 020000000000000000000052 /* XCTest.framework */; };
		010000000000000000000053 /* SplashView.swift in Sources */ = {isa = PBXBuildFile; fileRef = 020000000000000000000053 /* SplashView.swift */; };
		010000000000000000000054 /* AdvancedSettingsView.swift in Sources */ = {isa = PBXBuildFile; fileRef = 020000000000000000000054 /* AdvancedSettingsView.swift */; };
		010000000000000000000055 /* ODLog.swift in Sources */ = {isa = PBXBuildFile; fileRef = 020000000000000000000055 /* ODLog.swift */; };
		0100000000000000000000A0 /* ToneCompressionTests.swift in Sources */ = {isa = PBXBuildFile; fileRef = 0200000000000000000000A0 /* ToneCompressionTests.swift */; };
		0100000000000000000000A1 /* ODDeviceAdmissionTests.swift in Sources */ = {isa = PBXBuildFile; fileRef = 0200000000000000000000A1 /* ODDeviceAdmissionTests.swift */; };
		0100000000000000000000A2 /* StringByteLimit.swift in Sources */ = {isa = PBXBuildFile; fileRef = 0200000000000000000000A2 /* StringByteLimit.swift */; };
		0100000000000000000000A3 /* StringByteLimitTests.swift in Sources */ = {isa = PBXBuildFile; fileRef = 0200000000000000000000A3 /* StringByteLimitTests.swift */; };
		0100000000000000000000A4 /* BLEChunkSizeTests.swift in Sources */ = {isa = PBXBuildFile; fileRef = 0200000000000000000000A4 /* BLEChunkSizeTests.swift */; };
		0100000000000000000000B0 /* CanvasCoordinates.swift in Sources */ = {isa = PBXBuildFile; fileRef = 0200000000000000000000B0 /* CanvasCoordinates.swift */; };
		0100000000000000000000B1 /* CanvasCoordinateTests.swift in Sources */ = {isa = PBXBuildFile; fileRef = 0200000000000000000000B1 /* CanvasCoordinateTests.swift */; };
		EC7030B92FEF0203009DC919 /* CryptoSwift in Frameworks */ = {isa = PBXBuildFile; productRef = EC7030B82FEF0203009DC919 /* CryptoSwift */; };
		010000000000000000000060 /* RustDither.swift in Sources */ = {isa = PBXBuildFile; fileRef = 020000000000000000000060 /* RustDither.swift */; };
		010000000000000000000061 /* EpaperDithering.xcframework in Frameworks */ = {isa = PBXBuildFile; fileRef = 020000000000000000000061 /* EpaperDithering.xcframework */; };
		010000000000000000000062 /* RustDitherParityTests.swift in Sources */ = {isa = PBXBuildFile; fileRef = 020000000000000000000062 /* RustDitherParityTests.swift */; };
		010000000000000000000063 /* cat_800x480.rgb in Resources */ = {isa = PBXBuildFile; fileRef = 020000000000000000000063 /* cat_800x480.rgb */; };
		010000000000000000000064 /* cat__floyd_steinberg_mono_raw.bin in Resources */ = {isa = PBXBuildFile; fileRef = 020000000000000000000064 /* cat__floyd_steinberg_mono_raw.bin */; };
		010000000000000000000065 /* EpaperDithering.xcframework in Frameworks */ = {isa = PBXBuildFile; fileRef = 020000000000000000000061 /* EpaperDithering.xcframework */; };
/* End PBXBuildFile section */

/* Begin PBXContainerItemProxy section */
		090000000000000000000001 /* PBXContainerItemProxy */ = {
			isa = PBXContainerItemProxy;
			containerPortal = 070000000000000000000001 /* Project object */;
			proxyType = 1;
			remoteGlobalIDString = 050000000000000000000001;
			remoteInfo = "OD App";
		};
/* End PBXContainerItemProxy section */

/* Begin PBXFileReference section */
		020000000000000000000001 /* ODApp.swift */ = {isa = PBXFileReference; lastKnownFileType = sourcecode.swift; path = ODApp.swift; sourceTree = "<group>"; };
		020000000000000000000002 /* ContentView.swift */ = {isa = PBXFileReference; lastKnownFileType = sourcecode.swift; path = ContentView.swift; sourceTree = "<group>"; };
		020000000000000000000003 /* BLEManager.swift */ = {isa = PBXFileReference; lastKnownFileType = sourcecode.swift; path = BLEManager.swift; sourceTree = "<group>"; };
		020000000000000000000004 /* ODConstants.swift */ = {isa = PBXFileReference; lastKnownFileType = sourcecode.swift; path = ODConstants.swift; sourceTree = "<group>"; };
		020000000000000000000005 /* ODDevice.swift */ = {isa = PBXFileReference; lastKnownFileType = sourcecode.swift; path = ODDevice.swift; sourceTree = "<group>"; };
		020000000000000000000006 /* ODCommands.swift */ = {isa = PBXFileReference; lastKnownFileType = sourcecode.swift; path = ODCommands.swift; sourceTree = "<group>"; };
		020000000000000000000007 /* ODAuth.swift */ = {isa = PBXFileReference; lastKnownFileType = sourcecode.swift; path = ODAuth.swift; sourceTree = "<group>"; };
		020000000000000000000008 /* ODConfig.swift */ = {isa = PBXFileReference; lastKnownFileType = sourcecode.swift; path = ODConfig.swift; sourceTree = "<group>"; };
		02000000000000000000000C /* BLETesterView.swift */ = {isa = PBXFileReference; lastKnownFileType = sourcecode.swift; path = BLETesterView.swift; sourceTree = "<group>"; };
		02000000000000000000000D /* DeviceRowView.swift */ = {isa = PBXFileReference; lastKnownFileType = sourcecode.swift; path = DeviceRowView.swift; sourceTree = "<group>"; };
		02000000000000000000000E /* ConfigModel.swift */ = {isa = PBXFileReference; lastKnownFileType = sourcecode.swift; path = ConfigModel.swift; sourceTree = "<group>"; };
		020000000000000000000010 /* CoreBluetooth.framework */ = {isa = PBXFileReference; lastKnownFileType = wrapper.framework; name = CoreBluetooth.framework; path = System/Library/Frameworks/CoreBluetooth.framework; sourceTree = SDKROOT; };
		020000000000000000000011 /* Security.framework */ = {isa = PBXFileReference; lastKnownFileType = wrapper.framework; name = Security.framework; path = System/Library/Frameworks/Security.framework; sourceTree = SDKROOT; };
		020000000000000000000012 /* Info.plist */ = {isa = PBXFileReference; lastKnownFileType = text.plist.xml; path = Info.plist; sourceTree = "<group>"; };
		020000000000000000000013 /* OD App.app */ = {isa = PBXFileReference; explicitFileType = wrapper.application; includeInIndex = 0; path = "OD App.app"; sourceTree = BUILT_PRODUCTS_DIR; };
		020000000000000000000021 /* ImageProcessor.swift */ = {isa = PBXFileReference; lastKnownFileType = sourcecode.swift; path = ImageProcessor.swift; sourceTree = "<group>"; };
		020000000000000000000022 /* ToolboxView.swift */ = {isa = PBXFileReference; lastKnownFileType = sourcecode.swift; path = ToolboxView.swift; sourceTree = "<group>"; };
		020000000000000000000024 /* ODLogoView.swift */ = {isa = PBXFileReference; lastKnownFileType = sourcecode.swift; path = ODLogoView.swift; sourceTree = "<group>"; };
		020000000000000000000025 /* ToolboxData.swift */ = {isa = PBXFileReference; lastKnownFileType = sourcecode.swift; path = ToolboxData.swift; sourceTree = "<group>"; };
		020000000000000000000026 /* AdvertisementData.swift */ = {isa = PBXFileReference; lastKnownFileType = sourcecode.swift; path = AdvertisementData.swift; sourceTree = "<group>"; };
		020000000000000000000030 /* Assets.xcassets */ = {isa = PBXFileReference; lastKnownFileType = folder.assetcatalog; path = Assets.xcassets; sourceTree = "<group>"; };
		020000000000000000000031 /* simple-config-presets.json */ = {isa = PBXFileReference; lastKnownFileType = text.json; path = "simple-config-presets.json"; sourceTree = "<group>"; };
		020000000000000000000040 /* DisplayDevice.swift */ = {isa = PBXFileReference; lastKnownFileType = sourcecode.swift; path = DisplayDevice.swift; sourceTree = "<group>"; };
		020000000000000000000041 /* DisplayCanvasView.swift */ = {isa = PBXFileReference; lastKnownFileType = sourcecode.swift; path = DisplayCanvasView.swift; sourceTree = "<group>"; };
		020000000000000000000042 /* ComposerView.swift */ = {isa = PBXFileReference; lastKnownFileType = sourcecode.swift; path = ComposerView.swift; sourceTree = "<group>"; };
		020000000000000000000044 /* AdvancedView.swift */ = {isa = PBXFileReference; lastKnownFileType = sourcecode.swift; path = AdvancedView.swift; sourceTree = "<group>"; };
		020000000000000000000045 /* CoreBluetoothTransport.swift */ = {isa = PBXFileReference; lastKnownFileType = sourcecode.swift; path = CoreBluetoothTransport.swift; sourceTree = "<group>"; };
		020000000000000000000046 /* OpenDisplayJSRuntime.swift */ = {isa = PBXFileReference; lastKnownFileType = sourcecode.swift; path = OpenDisplayJSRuntime.swift; sourceTree = "<group>"; };
		020000000000000000000047 /* JavaScriptCore.framework */ = {isa = PBXFileReference; lastKnownFileType = wrapper.framework; name = JavaScriptCore.framework; path = System/Library/Frameworks/JavaScriptCore.framework; sourceTree = SDKROOT; };
		020000000000000000000048 /* ble-common.js */ = {isa = PBXFileReference; lastKnownFileType = sourcecode.javascript; path = "ble-common.js"; sourceTree = "<group>"; };
		020000000000000000000049 /* ble-native-bridge.js */ = {isa = PBXFileReference; lastKnownFileType = sourcecode.javascript; path = "ble-native-bridge.js"; sourceTree = "<group>"; };
		02000000000000000000004A /* ble-app-adapter.js */ = {isa = PBXFileReference; lastKnownFileType = sourcecode.javascript; path = "ble-app-adapter.js"; sourceTree = "<group>"; };
		02000000000000000000004B /* js-yaml.min.js */ = {isa = PBXFileReference; lastKnownFileType = sourcecode.javascript; path = "js-yaml.min.js"; sourceTree = "<group>"; };
		02000000000000000000004C /* pako.js */ = {isa = PBXFileReference; lastKnownFileType = sourcecode.javascript; path = pako.js; sourceTree = "<group>"; };
		02000000000000000000004D /* config.yaml */ = {isa = PBXFileReference; lastKnownFileType = text; path = config.yaml; sourceTree = "<group>"; };
		02000000000000000000004E /* ToolboxConfigRuntime.swift */ = {isa = PBXFileReference; lastKnownFileType = sourcecode.swift; path = ToolboxConfigRuntime.swift; sourceTree = "<group>"; };
		02000000000000000000004F /* toolbox-config-engine.js */ = {isa = PBXFileReference; lastKnownFileType = sourcecode.javascript; path = "toolbox-config-engine.js"; sourceTree = "<group>"; };
		020000000000000000000050 /* ToolboxConfigTests.swift */ = {isa = PBXFileReference; lastKnownFileType = sourcecode.swift; path = ToolboxConfigTests.swift; sourceTree = "<group>"; };
		020000000000000000000051 /* OD AppTests.xctest */ = {isa = PBXFileReference; explicitFileType = wrapper.cfbundle; includeInIndex = 0; path = "OD AppTests.xctest"; sourceTree = BUILT_PRODUCTS_DIR; };
		020000000000000000000052 /* XCTest.framework */ = {isa = PBXFileReference; lastKnownFileType = wrapper.framework; name = XCTest.framework; path = System/Library/Frameworks/XCTest.framework; sourceTree = SDKROOT; };
		020000000000000000000053 /* SplashView.swift */ = {isa = PBXFileReference; lastKnownFileType = sourcecode.swift; path = SplashView.swift; sourceTree = "<group>"; };
		020000000000000000000054 /* AdvancedSettingsView.swift */ = {isa = PBXFileReference; lastKnownFileType = sourcecode.swift; path = AdvancedSettingsView.swift; sourceTree = "<group>"; };
		020000000000000000000055 /* ODLog.swift */ = {isa = PBXFileReference; lastKnownFileType = sourcecode.swift; path = ODLog.swift; sourceTree = "<group>"; };
		0200000000000000000000A0 /* ToneCompressionTests.swift */ = {isa = PBXFileReference; lastKnownFileType = sourcecode.swift; path = ToneCompressionTests.swift; sourceTree = "<group>"; };
		0200000000000000000000A1 /* ODDeviceAdmissionTests.swift */ = {isa = PBXFileReference; lastKnownFileType = sourcecode.swift; path = ODDeviceAdmissionTests.swift; sourceTree = "<group>"; };
		0200000000000000000000A2 /* StringByteLimit.swift */ = {isa = PBXFileReference; lastKnownFileType = sourcecode.swift; path = StringByteLimit.swift; sourceTree = "<group>"; };
		0200000000000000000000A3 /* StringByteLimitTests.swift */ = {isa = PBXFileReference; lastKnownFileType = sourcecode.swift; path = StringByteLimitTests.swift; sourceTree = "<group>"; };
		0200000000000000000000A4 /* BLEChunkSizeTests.swift */ = {isa = PBXFileReference; lastKnownFileType = sourcecode.swift; path = BLEChunkSizeTests.swift; sourceTree = "<group>"; };
		0200000000000000000000B0 /* CanvasCoordinates.swift */ = {isa = PBXFileReference; lastKnownFileType = sourcecode.swift; path = CanvasCoordinates.swift; sourceTree = "<group>"; };
		0200000000000000000000B1 /* CanvasCoordinateTests.swift */ = {isa = PBXFileReference; lastKnownFileType = sourcecode.swift; path = CanvasCoordinateTests.swift; sourceTree = "<group>"; };
		EC808A1A300874BE00E4CBC1 /* OD App.xctestplan */ = {isa = PBXFileReference; lastKnownFileType = file; path = "OD App.xctestplan"; sourceTree = "<group>"; };
		0200000000000000000000C0 /* Local.xcconfig */ = {isa = PBXFileReference; lastKnownFileType = text.xcconfig; path = Local.xcconfig; sourceTree = "<group>"; };
		020000000000000000000060 /* RustDither.swift */ = {isa = PBXFileReference; lastKnownFileType = sourcecode.swift; path = RustDither.swift; sourceTree = "<group>"; };
		020000000000000000000061 /* EpaperDithering.xcframework */ = {isa = PBXFileReference; lastKnownFileType = wrapper.xcframework; name = EpaperDithering.xcframework; path = Frameworks/EpaperDithering.xcframework; sourceTree = "<group>"; };
		020000000000000000000062 /* RustDitherParityTests.swift */ = {isa = PBXFileReference; lastKnownFileType = sourcecode.swift; path = RustDitherParityTests.swift; sourceTree = "<group>"; };
		020000000000000000000063 /* cat_800x480.rgb */ = {isa = PBXFileReference; lastKnownFileType = file; path = cat_800x480.rgb; sourceTree = "<group>"; };
		020000000000000000000064 /* cat__floyd_steinberg_mono_raw.bin */ = {isa = PBXFileReference; lastKnownFileType = file; path = cat__floyd_steinberg_mono_raw.bin; sourceTree = "<group>"; };
/* End PBXFileReference section */

/* Begin PBXFrameworksBuildPhase section */
		040000000000000000000003 /* Frameworks */ = {
			isa = PBXFrameworksBuildPhase;
			buildActionMask = 2147483647;
			files = (
				010000000000000000000010 /* CoreBluetooth.framework in Frameworks */,
				010000000000000000000011 /* Security.framework in Frameworks */,
				010000000000000000000047 /* JavaScriptCore.framework in Frameworks */,
				EC7030B92FEF0203009DC919 /* CryptoSwift in Frameworks */,
				010000000000000000000061 /* EpaperDithering.xcframework in Frameworks */,
			);
			runOnlyForDeploymentPostprocessing = 0;
		};
		040000000000000000000006 /* Frameworks */ = {
			isa = PBXFrameworksBuildPhase;
			buildActionMask = 2147483647;
			files = (
				010000000000000000000051 /* XCTest.framework in Frameworks */,
				010000000000000000000065 /* EpaperDithering.xcframework in Frameworks */,
			);
			runOnlyForDeploymentPostprocessing = 0;
		};
/* End PBXFrameworksBuildPhase section */

/* Begin PBXGroup section */
		030000000000000000000001 = {
			isa = PBXGroup;
			children = (
				0200000000000000000000C0 /* Local.xcconfig */,
				EC808A1A300874BE00E4CBC1 /* OD App.xctestplan */,
				020000000000000000000001 /* ODApp.swift */,
				020000000000000000000002 /* ContentView.swift */,
				020000000000000000000012 /* Info.plist */,
				020000000000000000000030 /* Assets.xcassets */,
				030000000000000000000009 /* Resources */,
				03000000000000000000000A /* Tests */,
				030000000000000000000002 /* BLE */,
				030000000000000000000003 /* Protocol */,
				030000000000000000000004 /* Views */,
				030000000000000000000006 /* Models */,
				030000000000000000000007 /* Frameworks */,
				030000000000000000000008 /* Products */,
			);
			sourceTree = "<group>";
		};
		030000000000000000000002 /* BLE */ = {
			isa = PBXGroup;
			children = (
				020000000000000000000003 /* BLEManager.swift */,
				020000000000000000000045 /* CoreBluetoothTransport.swift */,
				020000000000000000000004 /* ODConstants.swift */,
				020000000000000000000005 /* ODDevice.swift */,
			);
			path = BLE;
			sourceTree = "<group>";
		};
		030000000000000000000003 /* Protocol */ = {
			isa = PBXGroup;
			children = (
				020000000000000000000046 /* OpenDisplayJSRuntime.swift */,
				02000000000000000000004E /* ToolboxConfigRuntime.swift */,
				020000000000000000000006 /* ODCommands.swift */,
				020000000000000000000007 /* ODAuth.swift */,
				020000000000000000000008 /* ODConfig.swift */,
			);
			path = Protocol;
			sourceTree = "<group>";
		};
		030000000000000000000004 /* Views */ = {
			isa = PBXGroup;
			children = (
				020000000000000000000044 /* AdvancedView.swift */,
				020000000000000000000054 /* AdvancedSettingsView.swift */,
				020000000000000000000042 /* ComposerView.swift */,
				020000000000000000000041 /* DisplayCanvasView.swift */,
				02000000000000000000000C /* BLETesterView.swift */,
				020000000000000000000022 /* ToolboxView.swift */,
				020000000000000000000024 /* ODLogoView.swift */,
				020000000000000000000053 /* SplashView.swift */,
				030000000000000000000005 /* Components */,
			);
			path = Views;
			sourceTree = "<group>";
		};
		030000000000000000000005 /* Components */ = {
			isa = PBXGroup;
			children = (
				02000000000000000000000D /* DeviceRowView.swift */,
			);
			path = Components;
			sourceTree = "<group>";
		};
		030000000000000000000006 /* Models */ = {
			isa = PBXGroup;
			children = (
				020000000000000000000040 /* DisplayDevice.swift */,
				0200000000000000000000B0 /* CanvasCoordinates.swift */,
				02000000000000000000000E /* ConfigModel.swift */,
				020000000000000000000021 /* ImageProcessor.swift */,
				020000000000000000000060 /* RustDither.swift */,
				020000000000000000000025 /* ToolboxData.swift */,
				0200000000000000000000A2 /* StringByteLimit.swift */,
				020000000000000000000026 /* AdvertisementData.swift */,
				020000000000000000000055 /* ODLog.swift */,
			);
			path = Models;
			sourceTree = "<group>";
		};
		030000000000000000000007 /* Frameworks */ = {
			isa = PBXGroup;
			children = (
				020000000000000000000061 /* EpaperDithering.xcframework */,
				020000000000000000000010 /* CoreBluetooth.framework */,
				020000000000000000000011 /* Security.framework */,
				020000000000000000000047 /* JavaScriptCore.framework */,
				020000000000000000000052 /* XCTest.framework */,
			);
			name = Frameworks;
			sourceTree = "<group>";
		};
		030000000000000000000008 /* Products */ = {
			isa = PBXGroup;
			children = (
				020000000000000000000013 /* OD App.app */,
				020000000000000000000051 /* OD AppTests.xctest */,
			);
			name = Products;
			sourceTree = "<group>";
		};
		030000000000000000000009 /* Resources */ = {
			isa = PBXGroup;
			children = (
				020000000000000000000048 /* ble-common.js */,
				020000000000000000000049 /* ble-native-bridge.js */,
				02000000000000000000004A /* ble-app-adapter.js */,
				02000000000000000000004B /* js-yaml.min.js */,
				02000000000000000000004C /* pako.js */,
				02000000000000000000004D /* config.yaml */,
				02000000000000000000004F /* toolbox-config-engine.js */,
				020000000000000000000031 /* simple-config-presets.json */,
			);
			path = Resources;
			sourceTree = "<group>";
		};
		03000000000000000000000A /* Tests */ = {
			isa = PBXGroup;
			children = (
				020000000000000000000050 /* ToolboxConfigTests.swift */,
				0200000000000000000000A3 /* StringByteLimitTests.swift */,
				0200000000000000000000A0 /* ToneCompressionTests.swift */,
				0200000000000000000000A1 /* ODDeviceAdmissionTests.swift */,
				0200000000000000000000A4 /* BLEChunkSizeTests.swift */,
				0200000000000000000000B1 /* CanvasCoordinateTests.swift */,
				020000000000000000000062 /* RustDitherParityTests.swift */,
				03000000000000000000000B /* Fixtures */,
			);
			path = Tests;
			sourceTree = "<group>";
		};
		03000000000000000000000B /* Fixtures */ = {
			isa = PBXGroup;
			children = (
				020000000000000000000063 /* cat_800x480.rgb */,
				020000000000000000000064 /* cat__floyd_steinberg_mono_raw.bin */,
			);
			path = Fixtures;
			sourceTree = "<group>";
		};
/* End PBXGroup section */

/* Begin PBXNativeTarget section */
		050000000000000000000001 /* OD App */ = {
			isa = PBXNativeTarget;
			buildConfigurationList = 060000000000000000000006 /* Build configuration list for PBXNativeTarget "OD App" */;
			buildPhases = (
				040000000000000000000004 /* Verify ble-common.js */,
				040000000000000000000001 /* Sources */,
				040000000000000000000002 /* Resources */,
				040000000000000000000003 /* Frameworks */,
			);
			buildRules = (
			);
			dependencies = (
			);
			name = "OD App";
			productName = "OD App";
			productReference = 020000000000000000000013 /* OD App.app */;
			productType = "com.apple.product-type.application";
		};
		050000000000000000000002 /* OD AppTests */ = {
			isa = PBXNativeTarget;
			buildConfigurationList = 060000000000000000000009 /* Build configuration list for PBXNativeTarget "OD AppTests" */;
			buildPhases = (
				040000000000000000000005 /* Sources */,
				040000000000000000000007 /* Resources */,
				040000000000000000000006 /* Frameworks */,
			);
			buildRules = (
			);
			dependencies = (
				090000000000000000000002 /* PBXTargetDependency */,
			);
			name = "OD AppTests";
			productName = "OD AppTests";
			productReference = 020000000000000000000051 /* OD AppTests.xctest */;
			productType = "com.apple.product-type.bundle.unit-test";
		};
/* End PBXNativeTarget section */

/* Begin PBXProject section */
		070000000000000000000001 /* Project object */ = {
			isa = PBXProject;
			attributes = {
				BuildIndependentTargetsInParallel = 1;
				LastSwiftUpdateCheck = 1600;
				LastUpgradeCheck = 1600;
				TargetAttributes = {
					050000000000000000000001 = {
						CreatedOnToolsVersion = 16.0;
					};
					050000000000000000000002 = {
						CreatedOnToolsVersion = 16.0;
						TestTargetID = 050000000000000000000001;
					};
				};
			};
			buildConfigurationList = 060000000000000000000005 /* Build configuration list for PBXProject "OD App" */;
			compatibilityVersion = "Xcode 14.0";
			developmentRegion = en;
			hasScannedForEncodings = 0;
			knownRegions = (
				en,
				Base,
			);
			mainGroup = 030000000000000000000001;
			packageReferences = (
				EC7030B72FEF0203009DC919 /* XCRemoteSwiftPackageReference "CryptoSwift" */,
			);
			productRefGroup = 030000000000000000000008 /* Products */;
			projectDirPath = "";
			projectRoot = "";
			targets = (
				050000000000000000000001 /* OD App */,
				050000000000000000000002 /* OD AppTests */,
			);
		};
/* End PBXProject section */

/* Begin PBXResourcesBuildPhase section */
		040000000000000000000002 /* Resources */ = {
			isa = PBXResourcesBuildPhase;
			buildActionMask = 2147483647;
			files = (
				010000000000000000000030 /* Assets.xcassets in Resources */,
				010000000000000000000048 /* ble-common.js in Resources */,
				010000000000000000000049 /* ble-native-bridge.js in Resources */,
				01000000000000000000004A /* ble-app-adapter.js in Resources */,
				01000000000000000000004B /* js-yaml.min.js in Resources */,
				01000000000000000000004C /* pako.js in Resources */,
				01000000000000000000004D /* config.yaml in Resources */,
				01000000000000000000004F /* toolbox-config-engine.js in Resources */,
				010000000000000000000031 /* simple-config-presets.json in Resources */,
			);
			runOnlyForDeploymentPostprocessing = 0;
		};
		040000000000000000000007 /* Resources */ = {
			isa = PBXResourcesBuildPhase;
			buildActionMask = 2147483647;
			files = (
				010000000000000000000063 /* cat_800x480.rgb in Resources */,
				010000000000000000000064 /* cat__floyd_steinberg_mono_raw.bin in Resources */,
			);
			runOnlyForDeploymentPostprocessing = 0;
		};
/* End PBXResourcesBuildPhase section */

/* Begin PBXShellScriptBuildPhase section */
		040000000000000000000004 /* Verify ble-common.js */ = {
			isa = PBXShellScriptBuildPhase;
			alwaysOutOfDate = 1;
			buildActionMask = 2147483647;
			files = (
			);
			inputPaths = (
				"$(SRCROOT)/Resources/ble-common.js",
				"$(SRCROOT)/scripts/verify-ble-common.sh",
			);
			name = "Verify ble-common.js";
			outputPaths = (
			);
			runOnlyForDeploymentPostprocessing = 0;
			shellPath = /bin/sh;
			shellScript = "cd \"$SRCROOT\"\nsh scripts/verify-ble-common.sh\n";
		};
/* End PBXShellScriptBuildPhase section */

/* Begin PBXSourcesBuildPhase section */
		040000000000000000000001 /* Sources */ = {
			isa = PBXSourcesBuildPhase;
			buildActionMask = 2147483647;
			files = (
				010000000000000000000001 /* ODApp.swift in Sources */,
				010000000000000000000040 /* DisplayDevice.swift in Sources */,
				010000000000000000000041 /* DisplayCanvasView.swift in Sources */,
				010000000000000000000042 /* ComposerView.swift in Sources */,
				0100000000000000000000B0 /* CanvasCoordinates.swift in Sources */,
				010000000000000000000044 /* AdvancedView.swift in Sources */,
				010000000000000000000002 /* ContentView.swift in Sources */,
				010000000000000000000003 /* BLEManager.swift in Sources */,
				010000000000000000000045 /* CoreBluetoothTransport.swift in Sources */,
				010000000000000000000004 /* ODConstants.swift in Sources */,
				010000000000000000000005 /* ODDevice.swift in Sources */,
				010000000000000000000006 /* ODCommands.swift in Sources */,
				010000000000000000000046 /* OpenDisplayJSRuntime.swift in Sources */,
				01000000000000000000004E /* ToolboxConfigRuntime.swift in Sources */,
				010000000000000000000007 /* ODAuth.swift in Sources */,
				010000000000000000000008 /* ODConfig.swift in Sources */,
				01000000000000000000000C /* BLETesterView.swift in Sources */,
				01000000000000000000000D /* DeviceRowView.swift in Sources */,
				01000000000000000000000E /* ConfigModel.swift in Sources */,
				010000000000000000000054 /* AdvancedSettingsView.swift in Sources */,
				010000000000000000000021 /* ImageProcessor.swift in Sources */,
				010000000000000000000060 /* RustDither.swift in Sources */,
				010000000000000000000022 /* ToolboxView.swift in Sources */,
				010000000000000000000024 /* ODLogoView.swift in Sources */,
				010000000000000000000053 /* SplashView.swift in Sources */,
				010000000000000000000025 /* ToolboxData.swift in Sources */,
				0100000000000000000000A2 /* StringByteLimit.swift in Sources */,
				010000000000000000000026 /* AdvertisementData.swift in Sources */,
				010000000000000000000055 /* ODLog.swift in Sources */,
			);
			runOnlyForDeploymentPostprocessing = 0;
		};
		040000000000000000000005 /* Sources */ = {
			isa = PBXSourcesBuildPhase;
			buildActionMask = 2147483647;
			files = (
				010000000000000000000050 /* ToolboxConfigTests.swift in Sources */,
				0100000000000000000000A3 /* StringByteLimitTests.swift in Sources */,
				0100000000000000000000A0 /* ToneCompressionTests.swift in Sources */,
				0100000000000000000000A1 /* ODDeviceAdmissionTests.swift in Sources */,
				0100000000000000000000A4 /* BLEChunkSizeTests.swift in Sources */,
				0100000000000000000000B1 /* CanvasCoordinateTests.swift in Sources */,
				010000000000000000000062 /* RustDitherParityTests.swift in Sources */,
			);
			runOnlyForDeploymentPostprocessing = 0;
		};
/* End PBXSourcesBuildPhase section */

/* Begin PBXTargetDependency section */
		090000000000000000000002 /* PBXTargetDependency */ = {
			isa = PBXTargetDependency;
			target = 050000000000000000000001 /* OD App */;
			targetProxy = 090000000000000000000001 /* PBXContainerItemProxy */;
		};
/* End PBXTargetDependency section */

/* Begin XCBuildConfiguration section */
		060000000000000000000001 /* Debug */ = {
			isa = XCBuildConfiguration;
			buildSettings = {
				ALWAYS_SEARCH_USER_PATHS = NO;
				CLANG_ANALYZER_NONNULL = YES;
				CLANG_ANALYZER_NUMBER_OBJECT_CONVERSION = YES_AGGRESSIVE;
				CLANG_CXX_LANGUAGE_STANDARD = "gnu++20";
				CLANG_ENABLE_MODULES = YES;
				CLANG_ENABLE_OBJC_ARC = YES;
				CLANG_ENABLE_OBJC_WEAK = YES;
				CLANG_WARN_BLOCK_CAPTURE_AUTORELEASING = YES;
				CLANG_WARN_BOOL_CONVERSION = YES;
				CLANG_WARN_COMMA = YES;
				CLANG_WARN_CONSTANT_CONVERSION = YES;
				CLANG_WARN_DEPRECATED_OBJC_IMPLEMENTATIONS = YES;
				CLANG_WARN_DIRECT_OBJC_ISA_USAGE = YES_ERROR;
				CLANG_WARN_DOCUMENTATION_COMMENTS = YES;
				CLANG_WARN_EMPTY_BODY = YES;
				CLANG_WARN_ENUM_CONVERSION = YES;
				CLANG_WARN_INFINITE_RECURSION = YES;
				CLANG_WARN_INT_CONVERSION = YES;
				CLANG_WARN_NON_LITERAL_NULL_CONVERSION = YES;
				CLANG_WARN_OBJC_IMPLICIT_RETAIN_CYCLE = YES;
				CLANG_WARN_OBJC_LITERAL_CONVERSION = YES;
				CLANG_WARN_OBJC_ROOT_CLASS = YES_ERROR;
				CLANG_WARN_QUOTED_INCLUDE_IN_FRAMEWORK_HEADER = YES;
				CLANG_WARN_RANGE_LOOP_ANALYSIS = YES;
				CLANG_WARN_STRICT_PROTOTYPES = YES;
				CLANG_WARN_SUSPICIOUS_MOVE = YES;
				CLANG_WARN_UNGUARDED_AVAILABILITY = YES_AGGRESSIVE;
				CLANG_WARN_UNREACHABLE_CODE = YES;
				CLANG_WARN__DUPLICATE_METHOD_MATCH = YES;
				COPY_PHASE_STRIP = NO;
				DEBUG_INFORMATION_FORMAT = dwarf;
				ENABLE_STRICT_OBJC_MSGSEND = YES;
				ENABLE_TESTABILITY = YES;
				ENABLE_USER_SCRIPT_SANDBOXING = YES;
				GCC_C_LANGUAGE_STANDARD = gnu17;
				GCC_DYNAMIC_NO_PIC = NO;
				GCC_NO_COMMON_BLOCKS = YES;
				GCC_OPTIMIZATION_LEVEL = 0;
				GCC_PREPROCESSOR_DEFINITIONS = (
					"DEBUG=1",
					"$(inherited)",
				);
				GCC_WARN_64_TO_32_BIT_CONVERSION = YES;
				GCC_WARN_ABOUT_RETURN_TYPE = YES_ERROR;
				GCC_WARN_UNDECLARED_SELECTOR = YES;
				GCC_WARN_UNINITIALIZED_AUTOS = YES_AGGRESSIVE;
				GCC_WARN_UNUSED_FUNCTION = YES;
				GCC_WARN_UNUSED_VARIABLE = YES;
				IPHONEOS_DEPLOYMENT_TARGET = 17.0;
				MTL_ENABLE_DEBUG_INFO = INCLUDE_SOURCE;
				MTL_FAST_MATH = YES;
				ONLY_ACTIVE_ARCH = YES;
				SDKROOT = iphoneos;
				SWIFT_ACTIVE_COMPILATION_CONDITIONS = "DEBUG $(inherited)";
				SWIFT_OPTIMIZATION_LEVEL = "-Onone";
			};
			name = Debug;
		};
		060000000000000000000002 /* Release */ = {
			isa = XCBuildConfiguration;
			buildSettings = {
				ALWAYS_SEARCH_USER_PATHS = NO;
				CLANG_ANALYZER_NONNULL = YES;
				CLANG_ANALYZER_NUMBER_OBJECT_CONVERSION = YES_AGGRESSIVE;
				CLANG_CXX_LANGUAGE_STANDARD = "gnu++20";
				CLANG_ENABLE_MODULES = YES;
				CLANG_ENABLE_OBJC_ARC = YES;
				CLANG_ENABLE_OBJC_WEAK = YES;
				CLANG_WARN_BLOCK_CAPTURE_AUTORELEASING = YES;
				CLANG_WARN_BOOL_CONVERSION = YES;
				CLANG_WARN_COMMA = YES;
				CLANG_WARN_CONSTANT_CONVERSION = YES;
				CLANG_WARN_DEPRECATED_OBJC_IMPLEMENTATIONS = YES;
				CLANG_WARN_DIRECT_OBJC_ISA_USAGE = YES_ERROR;
				CLANG_WARN_DOCUMENTATION_COMMENTS = YES;
				CLANG_WARN_EMPTY_BODY = YES;
				CLANG_WARN_ENUM_CONVERSION = YES;
				CLANG_WARN_INFINITE_RECURSION = YES;
				CLANG_WARN_INT_CONVERSION = YES;
				CLANG_WARN_NON_LITERAL_NULL_CONVERSION = YES;
				CLANG_WARN_OBJC_IMPLICIT_RETAIN_CYCLE = YES;
				CLANG_WARN_OBJC_LITERAL_CONVERSION = YES;
				CLANG_WARN_OBJC_ROOT_CLASS = YES_ERROR;
				CLANG_WARN_QUOTED_INCLUDE_IN_FRAMEWORK_HEADER = YES;
				CLANG_WARN_RANGE_LOOP_ANALYSIS = YES;
				CLANG_WARN_STRICT_PROTOTYPES = YES;
				CLANG_WARN_SUSPICIOUS_MOVE = YES;
				CLANG_WARN_UNGUARDED_AVAILABILITY = YES_AGGRESSIVE;
				CLANG_WARN_UNREACHABLE_CODE = YES;
				CLANG_WARN__DUPLICATE_METHOD_MATCH = YES;
				COPY_PHASE_STRIP = NO;
				DEBUG_INFORMATION_FORMAT = "dwarf-with-dsym";
				ENABLE_NS_ASSERTIONS = NO;
				ENABLE_STRICT_OBJC_MSGSEND = YES;
				ENABLE_USER_SCRIPT_SANDBOXING = YES;
				GCC_C_LANGUAGE_STANDARD = gnu17;
				GCC_NO_COMMON_BLOCKS = YES;
				GCC_WARN_64_TO_32_BIT_CONVERSION = YES;
				GCC_WARN_ABOUT_RETURN_TYPE = YES_ERROR;
				GCC_WARN_UNDECLARED_SELECTOR = YES;
				GCC_WARN_UNINITIALIZED_AUTOS = YES_AGGRESSIVE;
				GCC_WARN_UNUSED_FUNCTION = YES;
				GCC_WARN_UNUSED_VARIABLE = YES;
				IPHONEOS_DEPLOYMENT_TARGET = 17.0;
				MTL_FAST_MATH = YES;
				SDKROOT = iphoneos;
				SWIFT_COMPILATION_MODE = wholemodule;
				SWIFT_OPTIMIZATION_LEVEL = "-O";
				VALIDATE_PRODUCT = YES;
			};
			name = Release;
		};
		060000000000000000000003 /* Debug */ = {
			isa = XCBuildConfiguration;
			baseConfigurationReference = 0200000000000000000000C0 /* Local.xcconfig */;
			buildSettings = {
				ASSETCATALOG_COMPILER_APPICON_NAME = AppIcon;
				CODE_SIGN_IDENTITY = "Apple Development";
				CODE_SIGN_STYLE = Automatic;
				CURRENT_PROJECT_VERSION = 4;
				ENABLE_PREVIEWS = YES;
				FRAMEWORK_SEARCH_PATHS = (
					"$(inherited)",
					"$(SRCROOT)/Frameworks",
				);
				GENERATE_INFOPLIST_FILE = NO;
				INFOPLIST_FILE = Info.plist;
				LD_RUNPATH_SEARCH_PATHS = (
					"$(inherited)",
					"@executable_path/Frameworks",
				);
				MARKETING_VERSION = 0.1.6;
				PRODUCT_BUNDLE_IDENTIFIER = "org.opendisplay.open-display-utility";
				PRODUCT_NAME = "$(TARGET_NAME)";
				PROVISIONING_PROFILE_SPECIFIER = "";
				SWIFT_EMIT_LOC_STRINGS = YES;
				SWIFT_VERSION = 5;
				TARGETED_DEVICE_FAMILY = "1,2";
			};
			name = Debug;
		};
		060000000000000000000004 /* Release */ = {
			isa = XCBuildConfiguration;
			baseConfigurationReference = 0200000000000000000000C0 /* Local.xcconfig */;
			buildSettings = {
				ASSETCATALOG_COMPILER_APPICON_NAME = AppIcon;
				CODE_SIGN_IDENTITY = "Apple Development";
				CODE_SIGN_STYLE = Automatic;
				CURRENT_PROJECT_VERSION = 4;
				ENABLE_PREVIEWS = YES;
				FRAMEWORK_SEARCH_PATHS = (
					"$(inherited)",
					"$(SRCROOT)/Frameworks",
				);
				GENERATE_INFOPLIST_FILE = NO;
				INFOPLIST_FILE = Info.plist;
				LD_RUNPATH_SEARCH_PATHS = (
					"$(inherited)",
					"@executable_path/Frameworks",
				);
				MARKETING_VERSION = 0.1.6;
				PRODUCT_BUNDLE_IDENTIFIER = "org.opendisplay.open-display-utility";
				PRODUCT_NAME = "$(TARGET_NAME)";
				PROVISIONING_PROFILE_SPECIFIER = "";
				SWIFT_EMIT_LOC_STRINGS = YES;
				SWIFT_VERSION = 5;
				TARGETED_DEVICE_FAMILY = "1,2";
			};
			name = Release;
		};
		060000000000000000000007 /* Debug */ = {
			isa = XCBuildConfiguration;
			buildSettings = {
				BUNDLE_LOADER = "$(TEST_HOST)";
				CODE_SIGN_STYLE = Automatic;
				FRAMEWORK_SEARCH_PATHS = (
					"$(inherited)",
					"$(SRCROOT)/Frameworks",
				);
				GENERATE_INFOPLIST_FILE = YES;
				IPHONEOS_DEPLOYMENT_TARGET = 17.0;
				PRODUCT_BUNDLE_IDENTIFIER = "com.opendisplay.od-appTests";
				PRODUCT_NAME = "$(TARGET_NAME)";
				SWIFT_VERSION = 5;
				TARGETED_DEVICE_FAMILY = "1,2";
				TEST_HOST = "$(BUILT_PRODUCTS_DIR)/OD App.app/$(BUNDLE_EXECUTABLE_FOLDER_PATH_SHALLOW_BUNDLE_YES)/OD App";
			};
			name = Debug;
		};
		060000000000000000000008 /* Release */ = {
			isa = XCBuildConfiguration;
			buildSettings = {
				BUNDLE_LOADER = "$(TEST_HOST)";
				CODE_SIGN_STYLE = Automatic;
				FRAMEWORK_SEARCH_PATHS = (
					"$(inherited)",
					"$(SRCROOT)/Frameworks",
				);
				GENERATE_INFOPLIST_FILE = YES;
				IPHONEOS_DEPLOYMENT_TARGET = 17.0;
				PRODUCT_BUNDLE_IDENTIFIER = "com.opendisplay.od-appTests";
				PRODUCT_NAME = "$(TARGET_NAME)";
				SWIFT_VERSION = 5;
				TARGETED_DEVICE_FAMILY = "1,2";
				TEST_HOST = "$(BUILT_PRODUCTS_DIR)/OD App.app/$(BUNDLE_EXECUTABLE_FOLDER_PATH_SHALLOW_BUNDLE_YES)/OD App";
			};
			name = Release;
		};
/* End XCBuildConfiguration section */

/* Begin XCConfigurationList section */
		060000000000000000000005 /* Build configuration list for PBXProject "OD App" */ = {
			isa = XCConfigurationList;
			buildConfigurations = (
				060000000000000000000001 /* Debug */,
				060000000000000000000002 /* Release */,
			);
			defaultConfigurationIsVisible = 0;
			defaultConfigurationName = Release;
		};
		060000000000000000000006 /* Build configuration list for PBXNativeTarget "OD App" */ = {
			isa = XCConfigurationList;
			buildConfigurations = (
				060000000000000000000003 /* Debug */,
				060000000000000000000004 /* Release */,
			);
			defaultConfigurationIsVisible = 0;
			defaultConfigurationName = Release;
		};
		060000000000000000000009 /* Build configuration list for PBXNativeTarget "OD AppTests" */ = {
			isa = XCConfigurationList;
			buildConfigurations = (
				060000000000000000000007 /* Debug */,
				060000000000000000000008 /* Release */,
			);
			defaultConfigurationIsVisible = 0;
			defaultConfigurationName = Release;
		};
/* End XCConfigurationList section */

/* Begin XCRemoteSwiftPackageReference section */
		EC7030B72FEF0203009DC919 /* XCRemoteSwiftPackageReference "CryptoSwift" */ = {
			isa = XCRemoteSwiftPackageReference;
			repositoryURL = "https://github.com/krzyzanowskim/CryptoSwift";
			requirement = {
				kind = upToNextMajorVersion;
				minimumVersion = 1.10.0;
			};
		};
/* End XCRemoteSwiftPackageReference section */

/* Begin XCSwiftPackageProductDependency section */
		EC7030B82FEF0203009DC919 /* CryptoSwift */ = {
			isa = XCSwiftPackageProductDependency;
			package = EC7030B72FEF0203009DC919 /* XCRemoteSwiftPackageReference "CryptoSwift" */;
			productName = CryptoSwift;
		};
/* End XCSwiftPackageProductDependency section */
	};
	rootObject = 070000000000000000000001 /* Project object */;
}
